lockfileVersion: '9.0'

settings:
  autoInstallPeers: true
  excludeLinksFromLockfile: false

importers:

  .:
    dependencies:
      next:
        specifier: 16.2.9
        version: 16.2.9(@babel/core@7.29.7)(@playwright/test@1.61.1)(react-dom@19.2.4(react@19.2.4))(react@19.2.4)
      pg:
        specifier: ^8.22.0
        version: 8.22.0
      react:
        specifier: 19.2.4
        version: 19.2.4
      react-dom:
        specifier: 19.2.4
        version: 19.2.4(react@19.2.4)
      zod:
        specifier: ^4.4.3
        version: 4.4.3
    devDependencies:
      '@playwright/test':
        specifier: ^1.61.1
        version: 1.61.1
      '@tailwindcss/postcss':
        specifier: ^4
        version: 4.3.2
      '@testing-library/dom':
        specifier: ^10.4.1
        version: 10.4.1
      '@testing-library/jest-dom':
        specifier: ^6.9.1
        version: 6.9.1
      '@testing-library/react':
        specifier: ^16.3.2
        version: 16.3.2(@testing-library/dom@10.4.1)(@types/react-dom@19.2.3(@types/react@19.2.17))(@types/react@19.2.17)(react-dom@19.2.4(react@19.2.4))(react@19.2.4)
      '@types/node':
        specifier: ^20
        version: 20.19.43
      '@types/pg':
        specifier: ^8.20.0
        version: 8.20.0
      '@types/react':
        specifier: ^19
        version: 19.2.17
      '@types/react-dom':
        specifier: ^19
        version: 19.2.3(@types/react@19.2.17)
      '@vitejs/plugin-react':
        specifier: ^6.0.3
        version: 6.0.3(vite@8.1.2(@types/node@20.19.43)(jiti@2.7.0))
      eslint:
        specifier: ^9
        version: 9.39.4(jiti@2.7.0)
      eslint-config-next:
        specifier: 16.2.9
        version: 16.2.9(@typescript-eslint/parser@8.62.1(eslint@9.39.4(jiti@2.7.0))(typescript@5.9.3))(eslint@9.39.4(jiti@2.7.0))(typescript@5.9.3)
      fast-check:
        specifier: ^4.8.0
        version: 4.8.0
      jsdom:
        specifier: ^29.1.1
        version: 29.1.1
      prettier:
        specifier: ^3.9.4
        version: 3.9.4
      tailwindcss:
        specifier: ^4
        version: 4.3.2
      typescript:
        specifier: ^5
        version: 5.9.3
      vitest:
        specifier: ^4.1.9
        version: 4.1.9(@types/node@20.19.43)(jsdom@29.1.1)(vite@8.1.2(@types/node@20.19.43)(jiti@2.7.0))

# NOTE: This lockfile was reconstructed from a shared snapshot. If pnpm reports
# it is out of date, run `pnpm install` to regenerate it from package.json.
